// !$*UTF8*$!
{
	archiveVersion = 1;
	classes = {
	};
	objectVersion = 56;
	objects = {

/* Begin PBXBuildFile section */
		C50BAD332A40D0900082FE4E /* AppDelegate.swift in Sources */ = {isa = PBXBuildFile; fileRef = C50BAD322A40D0900082FE4E /* AppDelegate.swift */; };
		C50BAD352A40D0900082FE4E /* SceneDelegate.swift in Sources */ = {isa = PBXBuildFile; fileRef = C50BAD342A40D0900082FE4E /* SceneDelegate.swift */; };
		C50BAD3C2A40D0950082FE4E /* Assets.xcassets in Resources */ = {isa = PBXBuildFile; fileRef = C50BAD3B2A40D0950082FE4E /* Assets.xcassets */; };
		C50BAD3F2A40D0950082FE4E /* LaunchScreen.storyboard in Resources */ = {isa = PBXBuildFile; fileRef = C50BAD3D2A40D0950082FE4E /* LaunchScreen.storyboard */; };
		C50BAD4E2A40D9AD0082FE4E /* UIScrollView + Extension.swift in Sources */ = {isa = PBXBuildFile; fileRef = C50BAD4D2A40D9AD0082FE4E /* UIScrollView + Extension.swift */; };
		C50BAD502A40D9B50082FE4E /* UIColor + Extensions.swift in Sources */ = {isa = PBXBuildFile; fileRef = C50BAD4F2A40D9B50082FE4E /* UIColor + Extensions.swift */; };
		C50BAD522A40D9BE0082FE4E /* UIFont + Extensions.swift in Sources */ = {isa = PBXBuildFile; fileRef = C50BAD512A40D9BE0082FE4E /* UIFont + Extensions.swift */; };
		C50BAD542A40D9DF0082FE4E /* OnboardingVC.swift in Sources */ = {isa = PBXBuildFile; fileRef = C50BAD532A40D9DE0082FE4E /* OnboardingVC.swift */; };
		C50BAD562A40DA160082FE4E /* OnboardingView.swift in Sources */ = {isa = PBXBuildFile; fileRef = C50BAD552A40DA160082FE4E /* OnboardingView.swift */; };
		C50BAD7A2A40DE900082FE4E /* Montserrat-Light.ttf in Resources */ = {isa = PBXBuildFile; fileRef = C50BAD762A40DE900082FE4E /* Montserrat-Light.ttf */; };
		C50BAD7B2A40DE900082FE4E /* Montserrat-SemiBold.ttf in Resources */ = {isa = PBXBuildFile; fileRef = C50BAD772A40DE900082FE4E /* Montserrat-SemiBold.ttf */; };
		C50BAD7C2A40DE900082FE4E /* Montserrat-Regular.ttf in Resources */ = {isa = PBXBuildFile; fileRef = C50BAD782A40DE900082FE4E /* Montserrat-Regular.ttf */; };
		C50BAD7D2A40DE900082FE4E /* Montserrat-Bold.ttf in Resources */ = {isa = PBXBuildFile; fileRef = C50BAD792A40DE900082FE4E /* Montserrat-Bold.ttf */; };
		C50BAD7F2A40EF430082FE4E /* MainViewController.swift in Sources */ = {isa = PBXBuildFile; fileRef = C50BAD7E2A40EF430082FE4E /* MainViewController.swift */; };
		C50BAD862A40EF5B0082FE4E /* FoodViewCell.swift in Sources */ = {isa = PBXBuildFile; fileRef = C50BAD822A40EF5A0082FE4E /* FoodViewCell.swift */; };
		C50BAD872A40EF5B0082FE4E /* CategoryViewCell.swift in Sources */ = {isa = PBXBuildFile; fileRef = C50BAD832A40EF5A0082FE4E /* CategoryViewCell.swift */; };
		C50BAD882A40EF5B0082FE4E /* FoodCollectionView.swift in Sources */ = {isa = PBXBuildFile; fileRef = C50BAD842A40EF5A0082FE4E /* FoodCollectionView.swift */; };
		C50BAD892A40EF5B0082FE4E /* CategoryCollectionView.swift in Sources */ = {isa = PBXBuildFile; fileRef = C50BAD852A40EF5A0082FE4E /* CategoryCollectionView.swift */; };
		C50BAD8B2A40EF6E0082FE4E /* ViewConstants.swift in Sources */ = {isa = PBXBuildFile; fileRef = C50BAD8A2A40EF6E0082FE4E /* ViewConstants.swift */; };
		C50BAD8D2A40EF7E0082FE4E /* StringConstants.swift in Sources */ = {isa = PBXBuildFile; fileRef = C50BAD8C2A40EF7E0082FE4E /* StringConstants.swift */; };
		C50BAD8F2A40F13D0082FE4E /* FavouritesVC.swift in Sources */ = {isa = PBXBuildFile; fileRef = C50BAD8E2A40F13D0082FE4E /* FavouritesVC.swift */; };
		C50BAD912A40F2630082FE4E /* TabBarController.swift in Sources */ = {isa = PBXBuildFile; fileRef = C50BAD902A40F2630082FE4E /* TabBarController.swift */; };
		C50BAD932A41CAC80082FE4E /* DetailView.swift in Sources */ = {isa = PBXBuildFile; fileRef = C50BAD922A41CAC80082FE4E /* DetailView.swift */; };
		C50BAD952A41DDD30082FE4E /* DetailVC.swift in Sources */ = {isa = PBXBuildFile; fileRef = C50BAD942A41DDD30082FE4E /* DetailVC.swift */; };
		C50BAD972A43392E0082FE4E /* FoodMarkViewCell.swift in Sources */ = {isa = PBXBuildFile; fileRef = C50BAD962A43392E0082FE4E /* FoodMarkViewCell.swift */; };
		C50BAD992A433B860082FE4E /* FoodMarkCollectionView.swift in Sources */ = {isa = PBXBuildFile; fileRef = C50BAD982A433B860082FE4E /* FoodMarkCollectionView.swift */; };
		C511BBA82BF6672600C068F0 /* StackFactory.swift in Sources */ = {isa = PBXBuildFile; fileRef = C511BBA72BF6672600C068F0 /* StackFactory.swift */; };
		C511BBAA2BF6850300C068F0 /* FoodCollectionDataSource.swift in Sources */ = {isa = PBXBuildFile; fileRef = C511BBA92BF6850300C068F0 /* FoodCollectionDataSource.swift */; };
		C511BBB12BF68A2B00C068F0 /* FoodMarkCollectionDataSource.swift in Sources */ = {isa = PBXBuildFile; fileRef = C511BBB02BF68A2B00C068F0 /* FoodMarkCollectionDataSource.swift */; };
		C52EBFBE2B07CDCD00375CC4 /* NextButton.swift in Sources */ = {isa = PBXBuildFile; fileRef = C52EBFBD2B07CDCD00375CC4 /* NextButton.swift */; };
		C52EBFC02B07EB0100375CC4 /* СustomAlertViewController.swift in Sources */ = {isa = PBXBuildFile; fileRef = C52EBFBF2B07EB0000375CC4 /* СustomAlertViewController.swift */; };
		C57EC95A2C6963BC0058072F /* KeyboardManager.swift in Sources */ = {isa = PBXBuildFile; fileRef = C57EC9592C6963BC0058072F /* KeyboardManager.swift */; };
		C5AF50312C4E859B00EF22F4 /* DogProductModelDTO.swift in Sources */ = {isa = PBXBuildFile; fileRef = C5AF50302C4E859B00EF22F4 /* DogProductModelDTO.swift */; };
		C5AF50362C4EE04E00EF22F4 /* SearchManager.swift in Sources */ = {isa = PBXBuildFile; fileRef = C5AF50352C4EE04E00EF22F4 /* SearchManager.swift */; };
		C5AF6F162A5EF90E001A0844 /* Localizable.strings in Resources */ = {isa = PBXBuildFile; fileRef = C5AF6F182A5EF90E001A0844 /* Localizable.strings */; };
		C5AF6F1B2A604FEF001A0844 /* DogResponse.swift in Sources */ = {isa = PBXBuildFile; fileRef = C5AF6F1A2A604FEF001A0844 /* DogResponse.swift */; };
		C5AF6F1D2A605213001A0844 /* NetworkService.swift in Sources */ = {isa = PBXBuildFile; fileRef = C5AF6F1C2A605213001A0844 /* NetworkService.swift */; };
		C5B0D7E62C4FF386002085B2 /* CoreDataModel.xcdatamodeld in Sources */ = {isa = PBXBuildFile; fileRef = C5B0D7E22C4FF385002085B2 /* CoreDataModel.xcdatamodeld */; };
		C5B0D7E72C4FF386002085B2 /* CoreDataPersistenceService.swift in Sources */ = {isa = PBXBuildFile; fileRef = C5B0D7E32C4FF385002085B2 /* CoreDataPersistenceService.swift */; };
		C5B0D7F52C4FFEF0002085B2 /* FavouriteView.swift in Sources */ = {isa = PBXBuildFile; fileRef = C5B0D7F42C4FFEF0002085B2 /* FavouriteView.swift */; };
		C5B0D7FF2C501257002085B2 /* StringArrayTransformer.swift in Sources */ = {isa = PBXBuildFile; fileRef = C5B0D7FE2C501257002085B2 /* StringArrayTransformer.swift */; };
		C5B0D8022C503151002085B2 /* FavouriteProduct+CoreDataClass.swift in Sources */ = {isa = PBXBuildFile; fileRef = C5B0D8002C503151002085B2 /* FavouriteProduct+CoreDataClass.swift */; };
		C5B0D8032C503151002085B2 /* FavouriteProduct+CoreDataProperties.swift in Sources */ = {isa = PBXBuildFile; fileRef = C5B0D8012C503151002085B2 /* FavouriteProduct+CoreDataProperties.swift */; };
		C5B0D8052C503712002085B2 /* FoodMarkCollectionDelegate.swift in Sources */ = {isa = PBXBuildFile; fileRef = C5B0D8042C503712002085B2 /* FoodMarkCollectionDelegate.swift */; };
		C5BD4A212BF3A9B9008E0AB2 /* LabelFactory.swift in Sources */ = {isa = PBXBuildFile; fileRef = C5BD4A202BF3A9B8008E0AB2 /* LabelFactory.swift */; };
		C5BD4A232BF3ACE7008E0AB2 /* ImageFactory.swift in Sources */ = {isa = PBXBuildFile; fileRef = C5BD4A222BF3ACE7008E0AB2 /* ImageFactory.swift */; };
		C5BD4A252BF3ADAC008E0AB2 /* ViewFactory.swift in Sources */ = {isa = PBXBuildFile; fileRef = C5BD4A242BF3ADAC008E0AB2 /* ViewFactory.swift */; };
		C5C0D7112A605DF600E21FDD /* dogProducts.json in Resources */ = {isa = PBXBuildFile; fileRef = C5AF6F192A600ACB001A0844 /* dogProducts.json */; };
		C5C111DA2B85267500791EE7 /* CardModel.swift in Sources */ = {isa = PBXBuildFile; fileRef = C5C111D92B85267500791EE7 /* CardModel.swift */; };
		C5C155E12AD6FE8D00E69179 /* VcConstraintsConstants.swift in Sources */ = {isa = PBXBuildFile; fileRef = C5C155E02AD6FE8D00E69179 /* VcConstraintsConstants.swift */; };
		C5C155E32ADEE8D200E69179 /* DogProductDataManager.swift in Sources */ = {isa = PBXBuildFile; fileRef = C5C155E22ADEE8D200E69179 /* DogProductDataManager.swift */; };
		C5C9ED5E2BF7B5CB00FC116F /* FoodCollectionDelegate.swift in Sources */ = {isa = PBXBuildFile; fileRef = C5C9ED5D2BF7B5CB00FC116F /* FoodCollectionDelegate.swift */; };
		C5C9ED602BF7B94100FC116F /* CategoryCollectionDataSource.swift in Sources */ = {isa = PBXBuildFile; fileRef = C5C9ED5F2BF7B94100FC116F /* CategoryCollectionDataSource.swift */; };
		C5C9ED622BF7BA3200FC116F /* CategoryCollectionDelegate.swift in Sources */ = {isa = PBXBuildFile; fileRef = C5C9ED612BF7BA3200FC116F /* CategoryCollectionDelegate.swift */; };
		C5C9ED642BF7BB2B00FC116F /* MainView.swift in Sources */ = {isa = PBXBuildFile; fileRef = C5C9ED632BF7BB2B00FC116F /* MainView.swift */; };
		C5D1553D2AD5ACD0004636FB /* ImageConstants.swift in Sources */ = {isa = PBXBuildFile; fileRef = C5D1553C2AD5ACD0004636FB /* ImageConstants.swift */; };
		C5F2522B2B165C61009239FC /* SettingsView.swift in Sources */ = {isa = PBXBuildFile; fileRef = C5F2522A2B165C61009239FC /* SettingsView.swift */; };
		C5F2522E2B165D63009239FC /* SettingsViewController.swift in Sources */ = {isa = PBXBuildFile; fileRef = C5F2522D2B165D63009239FC /* SettingsViewController.swift */; };
		C5F252302B16706C009239FC /* OrangeButton.swift in Sources */ = {isa = PBXBuildFile; fileRef = C5F2522F2B16706C009239FC /* OrangeButton.swift */; };
		C5F252332B1677AB009239FC /* AboutProjectView.swift in Sources */ = {isa = PBXBuildFile; fileRef = C5F252322B1677AB009239FC /* AboutProjectView.swift */; };
		C5F252352B167D28009239FC /* AboutProjectViewController.swift in Sources */ = {isa = PBXBuildFile; fileRef = C5F252342B167D28009239FC /* AboutProjectViewController.swift */; };
		C5F3C4F42AFE745400A194E3 /* ProductContentUnavailableView.swift in Sources */ = {isa = PBXBuildFile; fileRef = C5F3C4F32AFE745400A194E3 /* ProductContentUnavailableView.swift */; };
		C5F76A432A7D7BBD00F3466F /* FavouritesManager.swift in Sources */ = {isa = PBXBuildFile; fileRef = C5F76A422A7D7BBD00F3466F /* FavouritesManager.swift */; };
		C5F76A452A7D7BDD00F3466F /* LikeButton.swift in Sources */ = {isa = PBXBuildFile; fileRef = C5F76A442A7D7BDD00F3466F /* LikeButton.swift */; };
		C5FCE7652B22699400EF1124 /* CardView.swift in Sources */ = {isa = PBXBuildFile; fileRef = C5FCE7642B22699300EF1124 /* CardView.swift */; };
		C5FCE7672B234E2700EF1124 /* CardViewController.swift in Sources */ = {isa = PBXBuildFile; fileRef = C5FCE7662B234E2700EF1124 /* CardViewController.swift */; };
/* End PBXBuildFile section */

/* Begin PBXFileReference section */
		C50BAD2F2A40D0900082FE4E /* PetApp.app */ = {isa = PBXFileReference; explicitFileType = wrapper.application; includeInIndex = 0; path = PetApp.app; sourceTree = BUILT_PRODUCTS_DIR; };
		C50BAD322A40D0900082FE4E /* AppDelegate.swift */ = {isa = PBXFileReference; lastKnownFileType = sourcecode.swift; path = AppDelegate.swift; sourceTree = "<group>"; };
		C50BAD342A40D0900082FE4E /* SceneDelegate.swift */ = {isa = PBXFileReference; lastKnownFileType = sourcecode.swift; path = SceneDelegate.swift; sourceTree = "<group>"; };
		C50BAD3B2A40D0950082FE4E /* Assets.xcassets */ = {isa = PBXFileReference; lastKnownFileType = folder.assetcatalog; path = Assets.xcassets; sourceTree = "<group>"; };
		C50BAD402A40D0950082FE4E /* Info.plist */ = {isa = PBXFileReference; lastKnownFileType = text.plist.xml; path = Info.plist; sourceTree = "<group>"; };
		C50BAD4D2A40D9AD0082FE4E /* UIScrollView + Extension.swift */ = {isa = PBXFileReference; fileEncoding = 4; lastKnownFileType = sourcecode.swift; path = "UIScrollView + Extension.swift"; sourceTree = "<group>"; };
		C50BAD4F2A40D9B50082FE4E /* UIColor + Extensions.swift */ = {isa = PBXFileReference; fileEncoding = 4; lastKnownFileType = sourcecode.swift; path = "UIColor + Extensions.swift"; sourceTree = "<group>"; };
		C50BAD512A40D9BE0082FE4E /* UIFont + Extensions.swift */ = {isa = PBXFileReference; fileEncoding = 4; lastKnownFileType = sourcecode.swift; path = "UIFont + Extensions.swift"; sourceTree = "<group>"; };
		C50BAD532A40D9DE0082FE4E /* OnboardingVC.swift */ = {isa = PBXFileReference; fileEncoding = 4; lastKnownFileType = sourcecode.swift; path = OnboardingVC.swift; sourceTree = "<group>"; };
		C50BAD552A40DA160082FE4E /* OnboardingView.swift */ = {isa = PBXFileReference; fileEncoding = 4; lastKnownFileType = sourcecode.swift; path = OnboardingView.swift; sourceTree = "<group>"; };
		C50BAD762A40DE900082FE4E /* Montserrat-Light.ttf */ = {isa = PBXFileReference; lastKnownFileType = file; path = "Montserrat-Light.ttf"; sourceTree = "<group>"; };
		C50BAD772A40DE900082FE4E /* Montserrat-SemiBold.ttf */ = {isa = PBXFileReference; lastKnownFileType = file; path = "Montserrat-SemiBold.ttf"; sourceTree = "<group>"; };
		C50BAD782A40DE900082FE4E /* Montserrat-Regular.ttf */ = {isa = PBXFileReference; lastKnownFileType = file; path = "Montserrat-Regular.ttf"; sourceTree = "<group>"; };
		C50BAD792A40DE900082FE4E /* Montserrat-Bold.ttf */ = {isa = PBXFileReference; lastKnownFileType = file; path = "Montserrat-Bold.ttf"; sourceTree = "<group>"; };
		C50BAD7E2A40EF430082FE4E /* MainViewController.swift */ = {isa = PBXFileReference; fileEncoding = 4; lastKnownFileType = sourcecode.swift; path = MainViewController.swift; sourceTree = "<group>"; };
		C50BAD822A40EF5A0082FE4E /* FoodViewCell.swift */ = {isa = PBXFileReference; fileEncoding = 4; lastKnownFileType = sourcecode.swift; path = FoodViewCell.swift; sourceTree = "<group>"; };
		C50BAD832A40EF5A0082FE4E /* CategoryViewCell.swift */ = {isa = PBXFileReference; fileEncoding = 4; lastKnownFileType = sourcecode.swift; path = CategoryViewCell.swift; sourceTree = "<group>"; };
		C50BAD842A40EF5A0082FE4E /* FoodCollectionView.swift */ = {isa = PBXFileReference; fileEncoding = 4; lastKnownFileType = sourcecode.swift; path = FoodCollectionView.swift; sourceTree = "<group>"; };
		C50BAD852A40EF5A0082FE4E /* CategoryCollectionView.swift */ = {isa = PBXFileReference; fileEncoding = 4; lastKnownFileType = sourcecode.swift; path = CategoryCollectionView.swift; sourceTree = "<group>"; };
		C50BAD8A2A40EF6E0082FE4E /* ViewConstants.swift */ = {isa = PBXFileReference; fileEncoding = 4; lastKnownFileType = sourcecode.swift; path = ViewConstants.swift; sourceTree = "<group>"; };
		C50BAD8C2A40EF7E0082FE4E /* StringConstants.swift */ = {isa = PBXFileReference; fileEncoding = 4; lastKnownFileType = sourcecode.swift; path = StringConstants.swift; sourceTree = "<group>"; };
		C50BAD8E2A40F13D0082FE4E /* FavouritesVC.swift */ = {isa = PBXFileReference; fileEncoding = 4; lastKnownFileType = sourcecode.swift; path = FavouritesVC.swift; sourceTree = "<group>"; };
		C50BAD902A40F2630082FE4E /* TabBarController.swift */ = {isa = PBXFileReference; fileEncoding = 4; lastKnownFileType = sourcecode.swift; path = TabBarController.swift; sourceTree = "<group>"; };
		C50BAD922A41CAC80082FE4E /* DetailView.swift */ = {isa = PBXFileReference; lastKnownFileType = sourcecode.swift; path = DetailView.swift; sourceTree = "<group>"; };
		C50BAD942A41DDD30082FE4E /* DetailVC.swift */ = {isa = PBXFileReference; lastKnownFileType = sourcecode.swift; path = DetailVC.swift; sourceTree = "<group>"; };
		C50BAD962A43392E0082FE4E /* FoodMarkViewCell.swift */ = {isa = PBXFileReference; lastKnownFileType = sourcecode.swift; path = FoodMarkViewCell.swift; sourceTree = "<group>"; };
		C50BAD982A433B860082FE4E /* FoodMarkCollectionView.swift */ = {isa = PBXFileReference; lastKnownFileType = sourcecode.swift; path = FoodMarkCollectionView.swift; sourceTree = "<group>"; };
		C511BBA72BF6672600C068F0 /* StackFactory.swift */ = {isa = PBXFileReference; lastKnownFileType = sourcecode.swift; path = StackFactory.swift; sourceTree = "<group>"; };
		C511BBA92BF6850300C068F0 /* FoodCollectionDataSource.swift */ = {isa = PBXFileReference; lastKnownFileType = sourcecode.swift; path = FoodCollectionDataSource.swift; sourceTree = "<group>"; };
		C511BBB02BF68A2B00C068F0 /* FoodMarkCollectionDataSource.swift */ = {isa = PBXFileReference; lastKnownFileType = sourcecode.swift; path = FoodMarkCollectionDataSource.swift; sourceTree = "<group>"; };
		C52EBFBD2B07CDCD00375CC4 /* NextButton.swift */ = {isa = PBXFileReference; lastKnownFileType = sourcecode.swift; path = NextButton.swift; sourceTree = "<group>"; };
		C52EBFBF2B07EB0000375CC4 /* СustomAlertViewController.swift */ = {isa = PBXFileReference; lastKnownFileType = sourcecode.swift; path = "СustomAlertViewController.swift"; sourceTree = "<group>"; };
		C57EC9592C6963BC0058072F /* KeyboardManager.swift */ = {isa = PBXFileReference; lastKnownFileType = sourcecode.swift; path = KeyboardManager.swift; sourceTree = "<group>"; };
		C5AF50302C4E859B00EF22F4 /* DogProductModelDTO.swift */ = {isa = PBXFileReference; lastKnownFileType = sourcecode.swift; path = DogProductModelDTO.swift; sourceTree = "<group>"; };
		C5AF50352C4EE04E00EF22F4 /* SearchManager.swift */ = {isa = PBXFileReference; lastKnownFileType = sourcecode.swift; path = SearchManager.swift; sourceTree = "<group>"; };
		C5AF6F132A5EF8D8001A0844 /* ru */ = {isa = PBXFileReference; lastKnownFileType = file.storyboard; name = ru; path = ru.lproj/LaunchScreen.storyboard; sourceTree = "<group>"; };
		C5AF6F172A5EF90E001A0844 /* ru */ = {isa = PBXFileReference; lastKnownFileType = text.plist.strings; name = ru; path = ru.lproj/Localizable.strings; sourceTree = "<group>"; };
		C5AF6F192A600ACB001A0844 /* dogProducts.json */ = {isa = PBXFileReference; lastKnownFileType = text.json; path = dogProducts.json; sourceTree = "<group>"; };
		C5AF6F1A2A604FEF001A0844 /* DogResponse.swift */ = {isa = PBXFileReference; lastKnownFileType = sourcecode.swift; path = DogResponse.swift; sourceTree = "<group>"; };
		C5AF6F1C2A605213001A0844 /* NetworkService.swift */ = {isa = PBXFileReference; lastKnownFileType = sourcecode.swift; path = NetworkService.swift; sourceTree = "<group>"; };
		C5B0D7E32C4FF385002085B2 /* CoreDataPersistenceService.swift */ = {isa = PBXFileReference; fileEncoding = 4; lastKnownFileType = sourcecode.swift; path = CoreDataPersistenceService.swift; sourceTree = "<group>"; };
		C5B0D7E52C4FF385002085B2 /* CoreDataModel.xcdatamodel */ = {isa = PBXFileReference; lastKnownFileType = wrapper.xcdatamodel; path = CoreDataModel.xcdatamodel; sourceTree = "<group>"; };
		C5B0D7F42C4FFEF0002085B2 /* FavouriteView.swift */ = {isa = PBXFileReference; lastKnownFileType = sourcecode.swift; path = FavouriteView.swift; sourceTree = "<group>"; };
		C5B0D7FE2C501257002085B2 /* StringArrayTransformer.swift */ = {isa = PBXFileReference; lastKnownFileType = sourcecode.swift; path = StringArrayTransformer.swift; sourceTree = "<group>"; };
		C5B0D8002C503151002085B2 /* FavouriteProduct+CoreDataClass.swift */ = {isa = PBXFileReference; lastKnownFileType = sourcecode.swift; name = "FavouriteProduct+CoreDataClass.swift"; path = "../../../FavouriteProduct+CoreDataClass.swift"; sourceTree = "<group>"; };
		C5B0D8012C503151002085B2 /* FavouriteProduct+CoreDataProperties.swift */ = {isa = PBXFileReference; lastKnownFileType = sourcecode.swift; name = "FavouriteProduct+CoreDataProperties.swift"; path = "../../../FavouriteProduct+CoreDataProperties.swift"; sourceTree = "<group>"; };
		C5B0D8042C503712002085B2 /* FoodMarkCollectionDelegate.swift */ = {isa = PBXFileReference; lastKnownFileType = sourcecode.swift; path = FoodMarkCollectionDelegate.swift; sourceTree = "<group>"; };
		C5BD4A202BF3A9B8008E0AB2 /* LabelFactory.swift */ = {isa = PBXFileReference; lastKnownFileType = sourcecode.swift; path = LabelFactory.swift; sourceTree = "<group>"; };
		C5BD4A222BF3ACE7008E0AB2 /* ImageFactory.swift */ = {isa = PBXFileReference; lastKnownFileType = sourcecode.swift; path = ImageFactory.swift; sourceTree = "<group>"; };
		C5BD4A242BF3ADAC008E0AB2 /* ViewFactory.swift */ = {isa = PBXFileReference; lastKnownFileType = sourcecode.swift; path = ViewFactory.swift; sourceTree = "<group>"; };
		C5C111D92B85267500791EE7 /* CardModel.swift */ = {isa = PBXFileReference; lastKnownFileType = sourcecode.swift; path = CardModel.swift; sourceTree = "<group>"; };
		C5C155E02AD6FE8D00E69179 /* VcConstraintsConstants.swift */ = {isa = PBXFileReference; lastKnownFileType = sourcecode.swift; path = VcConstraintsConstants.swift; sourceTree = "<group>"; };
		C5C155E22ADEE8D200E69179 /* DogProductDataManager.swift */ = {isa = PBXFileReference; lastKnownFileType = sourcecode.swift; path = DogProductDataManager.swift; sourceTree = "<group>"; };
		C5C9ED5D2BF7B5CB00FC116F /* FoodCollectionDelegate.swift */ = {isa = PBXFileReference; lastKnownFileType = sourcecode.swift; path = FoodCollectionDelegate.swift; sourceTree = "<group>"; };
		C5C9ED5F2BF7B94100FC116F /* CategoryCollectionDataSource.swift */ = {isa = PBXFileReference; lastKnownFileType = sourcecode.swift; path = CategoryCollectionDataSource.swift; sourceTree = "<group>"; };
		C5C9ED612BF7BA3200FC116F /* CategoryCollectionDelegate.swift */ = {isa = PBXFileReference; lastKnownFileType = sourcecode.swift; path = CategoryCollectionDelegate.swift; sourceTree = "<group>"; };
		C5C9ED632BF7BB2B00FC116F /* MainView.swift */ = {isa = PBXFileReference; lastKnownFileType = sourcecode.swift; path = MainView.swift; sourceTree = "<group>"; };
		C5D1553C2AD5ACD0004636FB /* ImageConstants.swift */ = {isa = PBXFileReference; lastKnownFileType = sourcecode.swift; path = ImageConstants.swift; sourceTree = "<group>"; };
		C5F2522A2B165C61009239FC /* SettingsView.swift */ = {isa = PBXFileReference; lastKnownFileType = sourcecode.swift; path = SettingsView.swift; sourceTree = "<group>"; };
		C5F2522D2B165D63009239FC /* SettingsViewController.swift */ = {isa = PBXFileReference; lastKnownFileType = sourcecode.swift; path = SettingsViewController.swift; sourceTree = "<group>"; };
		C5F2522F2B16706C009239FC /* OrangeButton.swift */ = {isa = PBXFileReference; lastKnownFileType = sourcecode.swift; path = OrangeButton.swift; sourceTree = "<group>"; };
		C5F252322B1677AB009239FC /* AboutProjectView.swift */ = {isa = PBXFileReference; lastKnownFileType = sourcecode.swift; path = AboutProjectView.swift; sourceTree = "<group>"; };
		C5F252342B167D28009239FC /* AboutProjectViewController.swift */ = {isa = PBXFileReference; lastKnownFileType = sourcecode.swift; path = AboutProjectViewController.swift; sourceTree = "<group>"; };
		C5F3C4F32AFE745400A194E3 /* ProductContentUnavailableView.swift */ = {isa = PBXFileReference; lastKnownFileType = sourcecode.swift; path = ProductContentUnavailableView.swift; sourceTree = "<group>"; };
		C5F76A422A7D7BBD00F3466F /* FavouritesManager.swift */ = {isa = PBXFileReference; lastKnownFileType = sourcecode.swift; path = FavouritesManager.swift; sourceTree = "<group>"; };
		C5F76A442A7D7BDD00F3466F /* LikeButton.swift */ = {isa = PBXFileReference; lastKnownFileType = sourcecode.swift; path = LikeButton.swift; sourceTree = "<group>"; };
		C5FCE7642B22699300EF1124 /* CardView.swift */ = {isa = PBXFileReference; lastKnownFileType = sourcecode.swift; path = CardView.swift; sourceTree = "<group>"; };
		C5FCE7662B234E2700EF1124 /* CardViewController.swift */ = {isa = PBXFileReference; lastKnownFileType = sourcecode.swift; path = CardViewController.swift; sourceTree = "<group>"; };
/* End PBXFileReference section */

/* Begin PBXFrameworksBuildPhase section */
		C50BAD2C2A40D0900082FE4E /* Frameworks */ = {
			isa = PBXFrameworksBuildPhase;
			buildActionMask = 2147483647;
			files = (
			);
			runOnlyForDeploymentPostprocessing = 0;
		};
/* End PBXFrameworksBuildPhase section */

/* Begin PBXGroup section */
		C50BAD262A40D0900082FE4E = {
			isa = PBXGroup;
			children = (
				C50BAD312A40D0900082FE4E /* PetApp */,
				C50BAD302A40D0900082FE4E /* Products */,
			);
			sourceTree = "<group>";
		};
		C50BAD302A40D0900082FE4E /* Products */ = {
			isa = PBXGroup;
			children = (
				C50BAD2F2A40D0900082FE4E /* PetApp.app */,
			);
			name = Products;
			sourceTree = "<group>";
		};
		C50BAD312A40D0900082FE4E /* PetApp */ = {
			isa = PBXGroup;
			children = (
				C50BAD462A40D1810082FE4E /* Application */,
				C50BAD472A40D1910082FE4E /* Constants */,
				C5F3C4F22AFD3FF400A194E3 /* Models */,
				C56B36992C4958E8009388FE /* MainScreen */,
				C56B369A2C4958F3009388FE /* FavouriteScreen */,
				C56B369C2C49591B009388FE /* DetailScreen */,
				C56B369B2C495906009388FE /* SettingsScreen */,
				C56B36A02C49599D009388FE /* AboutProjectScreen */,
				C56B36A12C4959AD009388FE /* AboutTeamScreen */,
				C56B369F2C495978009388FE /* OnboardingScreen */,
				C50BAD4B2A40D1EA0082FE4E /* Extensions */,
				C50BAD4C2A40D1F30082FE4E /* Resourses */,
			);
			path = PetApp;
			sourceTree = "<group>";
		};
		C50BAD462A40D1810082FE4E /* Application */ = {
			isa = PBXGroup;
			children = (
				C50BAD322A40D0900082FE4E /* AppDelegate.swift */,
				C50BAD342A40D0900082FE4E /* SceneDelegate.swift */,
				C50BAD902A40F2630082FE4E /* TabBarController.swift */,
			);
			path = Application;
			sourceTree = "<group>";
		};
		C50BAD472A40D1910082FE4E /* Constants */ = {
			isa = PBXGroup;
			children = (
				C50BAD8C2A40EF7E0082FE4E /* StringConstants.swift */,
				C5D1553C2AD5ACD0004636FB /* ImageConstants.swift */,
				C50BAD8A2A40EF6E0082FE4E /* ViewConstants.swift */,
				C5C155E02AD6FE8D00E69179 /* VcConstraintsConstants.swift */,
			);
			path = Constants;
			sourceTree = "<group>";
		};
		C50BAD482A40D1990082FE4E /* DataManager */ = {
			isa = PBXGroup;
			children = (
				C5AF50302C4E859B00EF22F4 /* DogProductModelDTO.swift */,
				C5C155E22ADEE8D200E69179 /* DogProductDataManager.swift */,
				C5F76A422A7D7BBD00F3466F /* FavouritesManager.swift */,
			);
			path = DataManager;
			sourceTree = "<group>";
		};
		C50BAD492A40D1B60082FE4E /* Views */ = {
			isa = PBXGroup;
			children = (
				C5F76A442A7D7BDD00F3466F /* LikeButton.swift */,
				C52EBFBD2B07CDCD00375CC4 /* NextButton.swift */,
				C5F2522F2B16706C009239FC /* OrangeButton.swift */,
			);
			path = Views;
			sourceTree = "<group>";
		};
		C50BAD4B2A40D1EA0082FE4E /* Extensions */ = {
			isa = PBXGroup;
			children = (
				C50BAD492A40D1B60082FE4E /* Views */,
				C5BD4A1F2BF3A103008E0AB2 /* Factory */,
				C5BD4A1E2BF3A0CC008E0AB2 /* Extensions */,
			);
			path = Extensions;
			sourceTree = "<group>";
		};
		C50BAD4C2A40D1F30082FE4E /* Resourses */ = {
			isa = PBXGroup;
			children = (
				C50BAD6D2A40DD860082FE4E /* Font */,
				C50BAD402A40D0950082FE4E /* Info.plist */,
				C50BAD3D2A40D0950082FE4E /* LaunchScreen.storyboard */,
				C50BAD3B2A40D0950082FE4E /* Assets.xcassets */,
				C5AF6F182A5EF90E001A0844 /* Localizable.strings */,
				C5AF6F192A600ACB001A0844 /* dogProducts.json */,
			);
			path = Resourses;
			sourceTree = "<group>";
		};
		C50BAD6D2A40DD860082FE4E /* Font */ = {
			isa = PBXGroup;
			children = (
				C50BAD792A40DE900082FE4E /* Montserrat-Bold.ttf */,
				C50BAD762A40DE900082FE4E /* Montserrat-Light.ttf */,
				C50BAD782A40DE900082FE4E /* Montserrat-Regular.ttf */,
				C50BAD772A40DE900082FE4E /* Montserrat-SemiBold.ttf */,
			);
			path = Font;
			sourceTree = "<group>";
		};
		C511BBAE2BF6887500C068F0 /* DataSourse */ = {
			isa = PBXGroup;
			children = (
				C5C9ED5F2BF7B94100FC116F /* CategoryCollectionDataSource.swift */,
				C511BBA92BF6850300C068F0 /* FoodCollectionDataSource.swift */,
			);
			path = DataSourse;
			sourceTree = "<group>";
		};
		C511BBAF2BF6888100C068F0 /* Delegates */ = {
			isa = PBXGroup;
			children = (
				C5C9ED612BF7BA3200FC116F /* CategoryCollectionDelegate.swift */,
				C5C9ED5D2BF7B5CB00FC116F /* FoodCollectionDelegate.swift */,
			);
			path = Delegates;
			sourceTree = "<group>";
		};
		C56B36992C4958E8009388FE /* MainScreen */ = {
			isa = PBXGroup;
			children = (
				C5AF50372C4EE05C00EF22F4 /* Model */,
				C56B369D2C495927009388FE /* View */,
				C5AF503B2C4EE28000EF22F4 /* ViewController */,
			);
			path = MainScreen;
			sourceTree = "<group>";
		};
		C56B369A2C4958F3009388FE /* FavouriteScreen */ = {
			isa = PBXGroup;
			children = (
				C5B0D7E82C4FF53F002085B2 /* ViewController */,
				C5B0D7E92C4FF548002085B2 /* View */,
			);
			path = FavouriteScreen;
			sourceTree = "<group>";
		};
		C56B369B2C495906009388FE /* SettingsScreen */ = {
			isa = PBXGroup;
			children = (
				C5B0D7F12C4FF624002085B2 /* View */,
				C5B0D7F22C4FF629002085B2 /* ViewController */,
			);
			path = SettingsScreen;
			sourceTree = "<group>";
		};
		C56B369C2C49591B009388FE /* DetailScreen */ = {
			isa = PBXGroup;
			children = (
				C5AF50382C4EE1C500EF22F4 /* Model */,
				C5AF50392C4EE1CE00EF22F4 /* View */,
				C5AF503A2C4EE1D500EF22F4 /* ViewController */,
			);
			path = DetailScreen;
			sourceTree = "<group>";
		};
		C56B369D2C495927009388FE /* View */ = {
			isa = PBXGroup;
			children = (
				C5C9ED632BF7BB2B00FC116F /* MainView.swift */,
				C5C9ED662BF7C0A800FC116F /* CategoryCell */,
				C5C9ED652BF7C08400FC116F /* FoodCell */,
			);
			path = View;
			sourceTree = "<group>";
		};
		C56B369F2C495978009388FE /* OnboardingScreen */ = {
			isa = PBXGroup;
			children = (
				C5B0D7EA2C4FF5D8002085B2 /* View */,
				C5B0D7EB2C4FF5DE002085B2 /* ViewController */,
			);
			path = OnboardingScreen;
			sourceTree = "<group>";
		};
		C56B36A02C49599D009388FE /* AboutProjectScreen */ = {
			isa = PBXGroup;
			children = (
				C5B0D7EF2C4FF60F002085B2 /* View */,
				C5B0D7F02C4FF617002085B2 /* ViewController */,
			);
			path = AboutProjectScreen;
			sourceTree = "<group>";
		};
		C56B36A12C4959AD009388FE /* AboutTeamScreen */ = {
			isa = PBXGroup;
			children = (
				C5B0D7EC2C4FF5ED002085B2 /* Model */,
				C5B0D7ED2C4FF5FB002085B2 /* View */,
				C5B0D7EE2C4FF600002085B2 /* ViewController */,
			);
			path = AboutTeamScreen;
			sourceTree = "<group>";
		};
		C56B36A42C495BE2009388FE /* CustomControllers */ = {
			isa = PBXGroup;
			children = (
				C52EBFBF2B07EB0000375CC4 /* СustomAlertViewController.swift */,
				C5F3C4F32AFE745400A194E3 /* ProductContentUnavailableView.swift */,
			);
			path = CustomControllers;
			sourceTree = "<group>";
		};
		C5AF50372C4EE05C00EF22F4 /* Model */ = {
			isa = PBXGroup;
			children = (
				C5AF50352C4EE04E00EF22F4 /* SearchManager.swift */,
				C57EC9592C6963BC0058072F /* KeyboardManager.swift */,
			);
			path = Model;
			sourceTree = "<group>";
		};
		C5AF50382C4EE1C500EF22F4 /* Model */ = {
			isa = PBXGroup;
			children = (
				C511BBB02BF68A2B00C068F0 /* FoodMarkCollectionDataSource.swift */,
				C5B0D8042C503712002085B2 /* FoodMarkCollectionDelegate.swift */,
			);
			path = Model;
			sourceTree = "<group>";
		};
		C5AF50392C4EE1CE00EF22F4 /* View */ = {
			isa = PBXGroup;
			children = (
				C50BAD922A41CAC80082FE4E /* DetailView.swift */,
				C5B0D7F32C4FF63C002085B2 /* FoodMarkCollection */,
			);
			path = View;
			sourceTree = "<group>";
		};
		C5AF503A2C4EE1D500EF22F4 /* ViewController */ = {
			isa = PBXGroup;
			children = (
				C50BAD942A41DDD30082FE4E /* DetailVC.swift */,
			);
			path = ViewController;
			sourceTree = "<group>";
		};
		C5AF503B2C4EE28000EF22F4 /* ViewController */ = {
			isa = PBXGroup;
			children = (
				C50BAD7E2A40EF430082FE4E /* MainViewController.swift */,
				C56B36A42C495BE2009388FE /* CustomControllers */,
			);
			path = ViewController;
			sourceTree = "<group>";
		};
		C5B0D7E42C4FF385002085B2 /* CoreData */ = {
			isa = PBXGroup;
			children = (
				C5B0D7E22C4FF385002085B2 /* CoreDataModel.xcdatamodeld */,
				C5B0D8002C503151002085B2 /* FavouriteProduct+CoreDataClass.swift */,
				C5B0D8012C503151002085B2 /* FavouriteProduct+CoreDataProperties.swift */,
				C5B0D7E32C4FF385002085B2 /* CoreDataPersistenceService.swift */,
				C5B0D7FE2C501257002085B2 /* StringArrayTransformer.swift */,
			);
			path = CoreData;
			sourceTree = "<group>";
		};
		C5B0D7E82C4FF53F002085B2 /* ViewController */ = {
			isa = PBXGroup;
			children = (
				C50BAD8E2A40F13D0082FE4E /* FavouritesVC.swift */,
			);
			path = ViewController;
			sourceTree = "<group>";
		};
		C5B0D7E92C4FF548002085B2 /* View */ = {
			isa = PBXGroup;
			children = (
				C5B0D7F42C4FFEF0002085B2 /* FavouriteView.swift */,
			);
			path = View;
			sourceTree = "<group>";
		};
		C5B0D7EA2C4FF5D8002085B2 /* View */ = {
			isa = PBXGroup;
			children = (
				C50BAD552A40DA160082FE4E /* OnboardingView.swift */,
			);
			path = View;
			sourceTree = "<group>";
		};
		C5B0D7EB2C4FF5DE002085B2 /* ViewController */ = {
			isa = PBXGroup;
			children = (
				C50BAD532A40D9DE0082FE4E /* OnboardingVC.swift */,
			);
			path = ViewController;
			sourceTree = "<group>";
		};
		C5B0D7EC2C4FF5ED002085B2 /* Model */ = {
			isa = PBXGroup;
			children = (
				C5C111D92B85267500791EE7 /* CardModel.swift */,
			);
			path = Model;
			sourceTree = "<group>";
		};
		C5B0D7ED2C4FF5FB002085B2 /* View */ = {
			isa = PBXGroup;
			children = (
				C5FCE7642B22699300EF1124 /* CardView.swift */,
			);
			path = View;
			sourceTree = "<group>";
		};
		C5B0D7EE2C4FF600002085B2 /* ViewController */ = {
			isa = PBXGroup;
			children = (
				C5FCE7662B234E2700EF1124 /* CardViewController.swift */,
			);
			path = ViewController;
			sourceTree = "<group>";
		};
		C5B0D7EF2C4FF60F002085B2 /* View */ = {
			isa = PBXGroup;
			children = (
				C5F252322B1677AB009239FC /* AboutProjectView.swift */,
			);
			path = View;
			sourceTree = "<group>";
		};
		C5B0D7F02C4FF617002085B2 /* ViewController */ = {
			isa = PBXGroup;
			children = (
				C5F252342B167D28009239FC /* AboutProjectViewController.swift */,
			);
			path = ViewController;
			sourceTree = "<group>";
		};
		C5B0D7F12C4FF624002085B2 /* View */ = {
			isa = PBXGroup;
			children = (
				C5F2522A2B165C61009239FC /* SettingsView.swift */,
			);
			path = View;
			sourceTree = "<group>";
		};
		C5B0D7F22C4FF629002085B2 /* ViewController */ = {
			isa = PBXGroup;
			children = (
				C5F2522D2B165D63009239FC /* SettingsViewController.swift */,
			);
			path = ViewController;
			sourceTree = "<group>";
		};
		C5B0D7F32C4FF63C002085B2 /* FoodMarkCollection */ = {
			isa = PBXGroup;
			children = (
				C50BAD982A433B860082FE4E /* FoodMarkCollectionView.swift */,
				C50BAD962A43392E0082FE4E /* FoodMarkViewCell.swift */,
			);
			path = FoodMarkCollection;
			sourceTree = "<group>";
		};
		C5BD4A1D2BF39FC3008E0AB2 /* Network */ = {
			isa = PBXGroup;
			children = (
				C5AF6F1A2A604FEF001A0844 /* DogResponse.swift */,
				C5AF6F1C2A605213001A0844 /* NetworkService.swift */,
			);
			path = Network;
			sourceTree = "<group>";
		};
		C5BD4A1E2BF3A0CC008E0AB2 /* Extensions */ = {
			isa = PBXGroup;
			children = (
				C50BAD4D2A40D9AD0082FE4E /* UIScrollView + Extension.swift */,
				C50BAD4F2A40D9B50082FE4E /* UIColor + Extensions.swift */,
				C50BAD512A40D9BE0082FE4E /* UIFont + Extensions.swift */,
			);
			path = Extensions;
			sourceTree = "<group>";
		};
		C5BD4A1F2BF3A103008E0AB2 /* Factory */ = {
			isa = PBXGroup;
			children = (
				C5BD4A202BF3A9B8008E0AB2 /* LabelFactory.swift */,
				C5BD4A222BF3ACE7008E0AB2 /* ImageFactory.swift */,
				C5BD4A242BF3ADAC008E0AB2 /* ViewFactory.swift */,
				C511BBA72BF6672600C068F0 /* StackFactory.swift */,
			);
			path = Factory;
			sourceTree = "<group>";
		};
		C5C9ED5C2BF7B49E00FC116F /* Data */ = {
			isa = PBXGroup;
			children = (
				C50BAD482A40D1990082FE4E /* DataManager */,
				C511BBAE2BF6887500C068F0 /* DataSourse */,
				C511BBAF2BF6888100C068F0 /* Delegates */,
			);
			path = Data;
			sourceTree = "<group>";
		};
		C5C9ED652BF7C08400FC116F /* FoodCell */ = {
			isa = PBXGroup;
			children = (
				C50BAD842A40EF5A0082FE4E /* FoodCollectionView.swift */,
				C50BAD822A40EF5A0082FE4E /* FoodViewCell.swift */,
			);
			path = FoodCell;
			sourceTree = "<group>";
		};
		C5C9ED662BF7C0A800FC116F /* CategoryCell */ = {
			isa = PBXGroup;
			children = (
				C50BAD852A40EF5A0082FE4E /* CategoryCollectionView.swift */,
				C50BAD832A40EF5A0082FE4E /* CategoryViewCell.swift */,
			);
			path = CategoryCell;
			sourceTree = "<group>";
		};
		C5F3C4F22AFD3FF400A194E3 /* Models */ = {
			isa = PBXGroup;
			children = (
				C5B0D7E42C4FF385002085B2 /* CoreData */,
				C5BD4A1D2BF39FC3008E0AB2 /* Network */,
				C5C9ED5C2BF7B49E00FC116F /* Data */,
			);
			path = Models;
			sourceTree = "<group>";
		};
/* End PBXGroup section */

/* Begin PBXNativeTarget section */
		C50BAD2E2A40D0900082FE4E /* PetApp */ = {
			isa = PBXNativeTarget;
			buildConfigurationList = C50BAD432A40D0950082FE4E /* Build configuration list for PBXNativeTarget "PetApp" */;
			buildPhases = (
				C50BAD2B2A40D0900082FE4E /* Sources */,
				C50BAD2C2A40D0900082FE4E /* Frameworks */,
				C50BAD2D2A40D0900082FE4E /* Resources */,
			);
			buildRules = (
			);
			dependencies = (
			);
			name = PetApp;
			productName = PetApp;
			productReference = C50BAD2F2A40D0900082FE4E /* PetApp.app */;
			productType = "com.apple.product-type.application";
		};
/* End PBXNativeTarget section */

/* Begin PBXProject section */
		C50BAD272A40D0900082FE4E /* Project object */ = {
			isa = PBXProject;
			attributes = {
				BuildIndependentTargetsInParallel = 1;
				LastSwiftUpdateCheck = 1430;
				LastUpgradeCheck = 1530;
				TargetAttributes = {
					C50BAD2E2A40D0900082FE4E = {
						CreatedOnToolsVersion = 14.3.1;
					};
				};
			};
			buildConfigurationList = C50BAD2A2A40D0900082FE4E /* Build configuration list for PBXProject "PetApp" */;
			compatibilityVersion = "Xcode 14.0";
			developmentRegion = ru;
			hasScannedForEncodings = 0;
			knownRegions = (
				ru,
			);
			mainGroup = C50BAD262A40D0900082FE4E;
			productRefGroup = C50BAD302A40D0900082FE4E /* Products */;
			projectDirPath = "";
			projectRoot = "";
			targets = (
				C50BAD2E2A40D0900082FE4E /* PetApp */,
			);
		};
/* End PBXProject section */

/* Begin PBXResourcesBuildPhase section */
		C50BAD2D2A40D0900082FE4E /* Resources */ = {
			isa = PBXResourcesBuildPhase;
			buildActionMask = 2147483647;
			files = (
				C50BAD7A2A40DE900082FE4E /* Montserrat-Light.ttf in Resources */,
				C50BAD3F2A40D0950082FE4E /* LaunchScreen.storyboard in Resources */,
				C50BAD7D2A40DE900082FE4E /* Montserrat-Bold.ttf in Resources */,
				C5AF6F162A5EF90E001A0844 /* Localizable.strings in Resources */,
				C50BAD7B2A40DE900082FE4E /* Montserrat-SemiBold.ttf in Resources */,
				C50BAD7C2A40DE900082FE4E /* Montserrat-Regular.ttf in Resources */,
				C5C0D7112A605DF600E21FDD /* dogProducts.json in Resources */,
				C50BAD3C2A40D0950082FE4E /* Assets.xcassets in Resources */,
			);
			runOnlyForDeploymentPostprocessing = 0;
		};
/* End PBXResourcesBuildPhase section */

/* Begin PBXSourcesBuildPhase section */
		C50BAD2B2A40D0900082FE4E /* Sources */ = {
			isa = PBXSourcesBuildPhase;
			buildActionMask = 2147483647;
			files = (
				C5AF6F1D2A605213001A0844 /* NetworkService.swift in Sources */,
				C5C155E12AD6FE8D00E69179 /* VcConstraintsConstants.swift in Sources */,
				C50BAD522A40D9BE0082FE4E /* UIFont + Extensions.swift in Sources */,
				C5B0D7F52C4FFEF0002085B2 /* FavouriteView.swift in Sources */,
				C50BAD992A433B860082FE4E /* FoodMarkCollectionView.swift in Sources */,
				C50BAD912A40F2630082FE4E /* TabBarController.swift in Sources */,
				C5C111DA2B85267500791EE7 /* CardModel.swift in Sources */,
				C5FCE7652B22699400EF1124 /* CardView.swift in Sources */,
				C5F76A452A7D7BDD00F3466F /* LikeButton.swift in Sources */,
				C50BAD932A41CAC80082FE4E /* DetailView.swift in Sources */,
				C50BAD502A40D9B50082FE4E /* UIColor + Extensions.swift in Sources */,
				C50BAD4E2A40D9AD0082FE4E /* UIScrollView + Extension.swift in Sources */,
				C5F2522E2B165D63009239FC /* SettingsViewController.swift in Sources */,
				C5AF50362C4EE04E00EF22F4 /* SearchManager.swift in Sources */,
				C50BAD952A41DDD30082FE4E /* DetailVC.swift in Sources */,
				C5C9ED642BF7BB2B00FC116F /* MainView.swift in Sources */,
				C5F76A432A7D7BBD00F3466F /* FavouritesManager.swift in Sources */,
				C511BBB12BF68A2B00C068F0 /* FoodMarkCollectionDataSource.swift in Sources */,
				C5F252352B167D28009239FC /* AboutProjectViewController.swift in Sources */,
				C50BAD332A40D0900082FE4E /* AppDelegate.swift in Sources */,
				C50BAD872A40EF5B0082FE4E /* CategoryViewCell.swift in Sources */,
				C50BAD352A40D0900082FE4E /* SceneDelegate.swift in Sources */,
				C5AF50312C4E859B00EF22F4 /* DogProductModelDTO.swift in Sources */,
				C511BBA82BF6672600C068F0 /* StackFactory.swift in Sources */,
				C57EC95A2C6963BC0058072F /* KeyboardManager.swift in Sources */,
				C5AF6F1B2A604FEF001A0844 /* DogResponse.swift in Sources */,
				C50BAD862A40EF5B0082FE4E /* FoodViewCell.swift in Sources */,
				C52EBFBE2B07CDCD00375CC4 /* NextButton.swift in Sources */,
				C5B0D8022C503151002085B2 /* FavouriteProduct+CoreDataClass.swift in Sources */,
				C5B0D8032C503151002085B2 /* FavouriteProduct+CoreDataProperties.swift in Sources */,
				C5C9ED5E2BF7B5CB00FC116F /* FoodCollectionDelegate.swift in Sources */,
				C50BAD7F2A40EF430082FE4E /* MainViewController.swift in Sources */,
				C5F3C4F42AFE745400A194E3 /* ProductContentUnavailableView.swift in Sources */,
				C5BD4A212BF3A9B9008E0AB2 /* LabelFactory.swift in Sources */,
				C5C9ED622BF7BA3200FC116F /* CategoryCollectionDelegate.swift in Sources */,
				C5B0D7FF2C501257002085B2 /* StringArrayTransformer.swift in Sources */,
				C511BBAA2BF6850300C068F0 /* FoodCollectionDataSource.swift in Sources */,
				C5B0D7E72C4FF386002085B2 /* CoreDataPersistenceService.swift in Sources */,
				C5FCE7672B234E2700EF1124 /* CardViewController.swift in Sources */,
				C50BAD892A40EF5B0082FE4E /* CategoryCollectionView.swift in Sources */,
				C50BAD8B2A40EF6E0082FE4E /* ViewConstants.swift in Sources */,
				C5B0D8052C503712002085B2 /* FoodMarkCollectionDelegate.swift in Sources */,
				C5BD4A252BF3ADAC008E0AB2 /* ViewFactory.swift in Sources */,
				C50BAD8D2A40EF7E0082FE4E /* StringConstants.swift in Sources */,
				C5F252332B1677AB009239FC /* AboutProjectView.swift in Sources */,
				C5B0D7E62C4FF386002085B2 /* CoreDataModel.xcdatamodeld in Sources */,
				C50BAD8F2A40F13D0082FE4E /* FavouritesVC.swift in Sources */,
				C50BAD972A43392E0082FE4E /* FoodMarkViewCell.swift in Sources */,
				C50BAD542A40D9DF0082FE4E /* OnboardingVC.swift in Sources */,
				C5D1553D2AD5ACD0004636FB /* ImageConstants.swift in Sources */,
				C52EBFC02B07EB0100375CC4 /* СustomAlertViewController.swift in Sources */,
				C5BD4A232BF3ACE7008E0AB2 /* ImageFactory.swift in Sources */,
				C5C9ED602BF7B94100FC116F /* CategoryCollectionDataSource.swift in Sources */,
				C5F252302B16706C009239FC /* OrangeButton.swift in Sources */,
				C50BAD562A40DA160082FE4E /* OnboardingView.swift in Sources */,
				C5C155E32ADEE8D200E69179 /* DogProductDataManager.swift in Sources */,
				C5F2522B2B165C61009239FC /* SettingsView.swift in Sources */,
				C50BAD882A40EF5B0082FE4E /* FoodCollectionView.swift in Sources */,
			);
			runOnlyForDeploymentPostprocessing = 0;
		};
/* End PBXSourcesBuildPhase section */

/* Begin PBXVariantGroup section */
		C50BAD3D2A40D0950082FE4E /* LaunchScreen.storyboard */ = {
			isa = PBXVariantGroup;
			children = (
				C5AF6F132A5EF8D8001A0844 /* ru */,
			);
			name = LaunchScreen.storyboard;
			sourceTree = "<group>";
		};
		C5AF6F182A5EF90E001A0844 /* Localizable.strings */ = {
			isa = PBXVariantGroup;
			children = (
				C5AF6F172A5EF90E001A0844 /* ru */,
			);
			name = Localizable.strings;
			sourceTree = "<group>";
		};
/* End PBXVariantGroup section */

/* Begin XCBuildConfiguration section */
		C50BAD412A40D0950082FE4E /* Debug */ = {
			isa = XCBuildConfiguration;
			buildSettings = {
				ALWAYS_SEARCH_USER_PATHS = NO;
				CLANG_ANALYZER_LOCALIZABILITY_NONLOCALIZED = YES;
				CLANG_ANALYZER_NONNULL = YES;
				CLANG_ANALYZER_NUMBER_OBJECT_CONVERSION = YES_AGGRESSIVE;
				CLANG_CXX_LANGUAGE_STANDARD = "gnu++20";
				CLANG_ENABLE_MODULES = YES;
				CLANG_ENABLE_OBJC_ARC = YES;
				CLANG_ENABLE_OBJC_WEAK = YES;
				CLANG_WARN_BLOCK_CAPTURE_AUTORELEASING = YES;
				CLANG_WARN_BOOL_CONVERSION = YES;
				CLANG_WARN_COMMA = YES;
				CLANG_WARN_CONSTANT_CONVERSION = YES;
				CLANG_WARN_DEPRECATED_OBJC_IMPLEMENTATIONS = YES;
				CLANG_WARN_DIRECT_OBJC_ISA_USAGE = YES_ERROR;
				CLANG_WARN_DOCUMENTATION_COMMENTS = YES;
				CLANG_WARN_EMPTY_BODY = YES;
				CLANG_WARN_ENUM_CONVERSION = YES;
				CLANG_WARN_INFINITE_RECURSION = YES;
				CLANG_WARN_INT_CONVERSION = YES;
				CLANG_WARN_NON_LITERAL_NULL_CONVERSION = YES;
				CLANG_WARN_OBJC_IMPLICIT_RETAIN_SELF = YES;
				CLANG_WARN_OBJC_LITERAL_CONVERSION = YES;
				CLANG_WARN_OBJC_ROOT_CLASS = YES_ERROR;
				CLANG_WARN_QUOTED_INCLUDE_IN_FRAMEWORK_HEADER = YES;
				CLANG_WARN_RANGE_LOOP_ANALYSIS = YES;
				CLANG_WARN_STRICT_PROTOTYPES = YES;
				CLANG_WARN_SUSPICIOUS_MOVE = YES;
				CLANG_WARN_UNGUARDED_AVAILABILITY = YES_AGGRESSIVE;
				CLANG_WARN_UNREACHABLE_CODE = YES;
				CLANG_WARN__DUPLICATE_METHOD_MATCH = YES;
				COPY_PHASE_STRIP = NO;
				DEBUG_INFORMATION_FORMAT = dwarf;
				ENABLE_STRICT_OBJC_MSGSEND = YES;
				ENABLE_TESTABILITY = YES;
				GCC_C_LANGUAGE_STANDARD = gnu11;
				GCC_DYNAMIC_NO_PIC = NO;
				GCC_NO_COMMON_BLOCKS = YES;
				GCC_OPTIMIZATION_LEVEL = 0;
				GCC_PREPROCESSOR_DEFINITIONS = (
					"DEBUG=1",
					"$(inherited)",
				);
				GCC_WARN_64_TO_32_BIT_CONVERSION = YES;
				GCC_WARN_ABOUT_RETURN_TYPE = YES_ERROR;
				GCC_WARN_UNDECLARED_SELECTOR = YES;
				GCC_WARN_UNINITIALIZED_AUTOS = YES_AGGRESSIVE;
				GCC_WARN_UNUSED_FUNCTION = YES;
				GCC_WARN_UNUSED_VARIABLE = YES;
				IPHONEOS_DEPLOYMENT_TARGET = 16.4;
				MTL_ENABLE_DEBUG_INFO = INCLUDE_SOURCE;
				MTL_FAST_MATH = YES;
				ONLY_ACTIVE_ARCH = YES;
				SDKROOT = iphoneos;
				SWIFT_ACTIVE_COMPILATION_CONDITIONS = DEBUG;
				SWIFT_OPTIMIZATION_LEVEL = "-Onone";
			};
			name = Debug;
		};
		C50BAD422A40D0950082FE4E /* Release */ = {
			isa = XCBuildConfiguration;
			buildSettings = {
				ALWAYS_SEARCH_USER_PATHS = NO;
				CLANG_ANALYZER_LOCALIZABILITY_NONLOCALIZED = YES;
				CLANG_ANALYZER_NONNULL = YES;
				CLANG_ANALYZER_NUMBER_OBJECT_CONVERSION = YES_AGGRESSIVE;
				CLANG_CXX_LANGUAGE_STANDARD = "gnu++20";
				CLANG_ENABLE_MODULES = YES;
				CLANG_ENABLE_OBJC_ARC = YES;
				CLANG_ENABLE_OBJC_WEAK = YES;
				CLANG_WARN_BLOCK_CAPTURE_AUTORELEASING = YES;
				CLANG_WARN_BOOL_CONVERSION = YES;
				CLANG_WARN_COMMA = YES;
				CLANG_WARN_CONSTANT_CONVERSION = YES;
				CLANG_WARN_DEPRECATED_OBJC_IMPLEMENTATIONS = YES;
				CLANG_WARN_DIRECT_OBJC_ISA_USAGE = YES_ERROR;
				CLANG_WARN_DOCUMENTATION_COMMENTS = YES;
				CLANG_WARN_EMPTY_BODY = YES;
				CLANG_WARN_ENUM_CONVERSION = YES;
				CLANG_WARN_INFINITE_RECURSION = YES;
				CLANG_WARN_INT_CONVERSION = YES;
				CLANG_WARN_NON_LITERAL_NULL_CONVERSION = YES;
				CLANG_WARN_OBJC_IMPLICIT_RETAIN_SELF = YES;
				CLANG_WARN_OBJC_LITERAL_CONVERSION = YES;
				CLANG_WARN_OBJC_ROOT_CLASS = YES_ERROR;
				CLANG_WARN_QUOTED_INCLUDE_IN_FRAMEWORK_HEADER = YES;
				CLANG_WARN_RANGE_LOOP_ANALYSIS = YES;
				CLANG_WARN_STRICT_PROTOTYPES = YES;
				CLANG_WARN_SUSPICIOUS_MOVE = YES;
				CLANG_WARN_UNGUARDED_AVAILABILITY = YES_AGGRESSIVE;
				CLANG_WARN_UNREACHABLE_CODE = YES;
				CLANG_WARN__DUPLICATE_METHOD_MATCH = YES;
				COPY_PHASE_STRIP = NO;
				DEBUG_INFORMATION_FORMAT = "dwarf-with-dsym";
				ENABLE_NS_ASSERTIONS = NO;
				ENABLE_STRICT_OBJC_MSGSEND = YES;
				GCC_C_LANGUAGE_STANDARD = gnu11;
				GCC_NO_COMMON_BLOCKS = YES;
				GCC_WARN_64_TO_32_BIT_CONVERSION = YES;
				GCC_WARN_ABOUT_RETURN_TYPE = YES_ERROR;
				GCC_WARN_UNDECLARED_SELECTOR = YES;
				GCC_WARN_UNINITIALIZED_AUTOS = YES_AGGRESSIVE;
				GCC_WARN_UNUSED_FUNCTION = YES;
				GCC_WARN_UNUSED_VARIABLE = YES;
				IPHONEOS_DEPLOYMENT_TARGET = 16.4;
				MTL_ENABLE_DEBUG_INFO = NO;
				MTL_FAST_MATH = YES;
				SDKROOT = iphoneos;
				SWIFT_COMPILATION_MODE = wholemodule;
				SWIFT_OPTIMIZATION_LEVEL = "-O";
				VALIDATE_PRODUCT = YES;
			};
			name = Release;
		};
		C50BAD442A40D0950082FE4E /* Debug */ = {
			isa = XCBuildConfiguration;
			buildSettings = {
				ASSETCATALOG_COMPILER_APPICON_NAME = AppIcon;
				ASSETCATALOG_COMPILER_GLOBAL_ACCENT_COLOR_NAME = AccentColor;
				CODE_SIGN_STYLE = Automatic;
				CURRENT_PROJECT_VERSION = 1;
				DEVELOPMENT_TEAM = 45GX59UTNT;
				GENERATE_INFOPLIST_FILE = YES;
				INFOPLIST_FILE = PetApp/Resourses/Info.plist;
				INFOPLIST_KEY_CFBundleDisplayName = PetDiet;
				INFOPLIST_KEY_UIApplicationSupportsIndirectInputEvents = YES;
				INFOPLIST_KEY_UILaunchStoryboardName = LaunchScreen;
				INFOPLIST_KEY_UISupportedInterfaceOrientations = UIInterfaceOrientationPortrait;
				INFOPLIST_KEY_UISupportedInterfaceOrientations_iPad = "UIInterfaceOrientationLandscapeLeft UIInterfaceOrientationLandscapeRight UIInterfaceOrientationPortrait UIInterfaceOrientationPortraitUpsideDown";
				IPHONEOS_DEPLOYMENT_TARGET = 13.0;
				LD_RUNPATH_SEARCH_PATHS = (
					"$(inherited)",
					"@executable_path/Frameworks",
				);
				MARKETING_VERSION = 1.0;
				PRODUCT_BUNDLE_IDENTIFIER = com.emmaderbe.PetApp;
				PRODUCT_NAME = "$(TARGET_NAME)";
				SUPPORTED_PLATFORMS = "iphoneos iphonesimulator";
				SUPPORTS_MACCATALYST = NO;
				SUPPORTS_MAC_DESIGNED_FOR_IPHONE_IPAD = NO;
				SUPPORTS_XR_DESIGNED_FOR_IPHONE_IPAD = NO;
				SWIFT_EMIT_LOC_STRINGS = YES;
				SWIFT_VERSION = 5.0;
				TARGETED_DEVICE_FAMILY = 1;
			};
			name = Debug;
		};
		C50BAD452A40D0950082FE4E /* Release */ = {
			isa = XCBuildConfiguration;
			buildSettings = {
				ASSETCATALOG_COMPILER_APPICON_NAME = AppIcon;
				ASSETCATALOG_COMPILER_GLOBAL_ACCENT_COLOR_NAME = AccentColor;
				CODE_SIGN_STYLE = Automatic;
				CURRENT_PROJECT_VERSION = 1;
				DEVELOPMENT_TEAM = 45GX59UTNT;
				GENERATE_INFOPLIST_FILE = YES;
				INFOPLIST_FILE = PetApp/Resourses/Info.plist;
				INFOPLIST_KEY_CFBundleDisplayName = PetDiet;
				INFOPLIST_KEY_UIApplicationSupportsIndirectInputEvents = YES;
				INFOPLIST_KEY_UILaunchStoryboardName = LaunchScreen;
				INFOPLIST_KEY_UISupportedInterfaceOrientations = UIInterfaceOrientationPortrait;
				INFOPLIST_KEY_UISupportedInterfaceOrientations_iPad = "UIInterfaceOrientationLandscapeLeft UIInterfaceOrientationLandscapeRight UIInterfaceOrientationPortrait UIInterfaceOrientationPortraitUpsideDown";
				IPHONEOS_DEPLOYMENT_TARGET = 13.0;
				LD_RUNPATH_SEARCH_PATHS = (
					"$(inherited)",
					"@executable_path/Frameworks",
				);
				MARKETING_VERSION = 1.0;
				PRODUCT_BUNDLE_IDENTIFIER = com.emmaderbe.PetApp;
				PRODUCT_NAME = "$(TARGET_NAME)";
				SUPPORTED_PLATFORMS = "iphoneos iphonesimulator";
				SUPPORTS_MACCATALYST = NO;
				SUPPORTS_MAC_DESIGNED_FOR_IPHONE_IPAD = NO;
				SUPPORTS_XR_DESIGNED_FOR_IPHONE_IPAD = NO;
				SWIFT_EMIT_LOC_STRINGS = YES;
				SWIFT_VERSION = 5.0;
				TARGETED_DEVICE_FAMILY = 1;
			};
			name = Release;
		};
/* End XCBuildConfiguration section */

/* Begin XCConfigurationList section */
		C50BAD2A2A40D0900082FE4E /* Build configuration list for PBXProject "PetApp" */ = {
			isa = XCConfigurationList;
			buildConfigurations = (
				C50BAD412A40D0950082FE4E /* Debug */,
				C50BAD422A40D0950082FE4E /* Release */,
			);
			defaultConfigurationIsVisible = 0;
			defaultConfigurationName = Release;
		};
		C50BAD432A40D0950082FE4E /* Build configuration list for PBXNativeTarget "PetApp" */ = {
			isa = XCConfigurationList;
			buildConfigurations = (
				C50BAD442A40D0950082FE4E /* Debug */,
				C50BAD452A40D0950082FE4E /* Release */,
			);
			defaultConfigurationIsVisible = 0;
			defaultConfigurationName = Release;
		};
/* End XCConfigurationList section */

/* Begin XCVersionGroup section */
		C5B0D7E22C4FF385002085B2 /* CoreDataModel.xcdatamodeld */ = {
			isa = XCVersionGroup;
			children = (
				C5B0D7E52C4FF385002085B2 /* CoreDataModel.xcdatamodel */,
			);
			currentVersion = C5B0D7E52C4FF385002085B2 /* CoreDataModel.xcdatamodel */;
			name = CoreDataModel.xcdatamodeld;
			path = /Users/emmaderbe/Documents/PetApp/PetApp/Models/CoreData/CoreDataModel.xcdatamodeld;
			sourceTree = "<group>";
			versionGroupType = wrapper.xcdatamodel;
		};
/* End XCVersionGroup section */
	};
	rootObject = C50BAD272A40D0900082FE4E /* Project object */;
}
